// !$*UTF8*$!
{
	archiveVersion = 1;
	classes = {
	};
	objectVersion = 46;
	objects = {

/* Begin PBXBuildFile section */
		425712EC1B74594300BCFCD7 /* main.m in Sources */ = {isa = PBXBuildFile; fileRef = 425712EB1B74594300BCFCD7 /* main.m */; };
		425712EF1B74594300BCFCD7 /* AppDelegate.m in Sources */ = {isa = PBXBuildFile; fileRef = 425712EE1B74594300BCFCD7 /* AppDelegate.m */; };
		425712F71B74594300BCFCD7 /* Images.xcassets in Resources */ = {isa = PBXBuildFile; fileRef = 425712F61B74594300BCFCD7 /* Images.xcassets */; };
		425712FA1B74594300BCFCD7 /* LaunchScreen.xib in Resources */ = {isa = PBXBuildFile; fileRef = 425712F81B74594300BCFCD7 /* LaunchScreen.xib */; };
		425713061B74594300BCFCD7 /* drawBoardTests.m in Sources */ = {isa = PBXBuildFile; fileRef = 425713051B74594300BCFCD7 /* drawBoardTests.m */; };
		425713111B74595F00BCFCD7 /* BoardToolView.m in Sources */ = {isa = PBXBuildFile; fileRef = 425713101B74595F00BCFCD7 /* BoardToolView.m */; };
		E50D9B551EC043FB0009EABE /* dataModel.m in Sources */ = {isa = PBXBuildFile; fileRef = E50D9B541EC043FB0009EABE /* dataModel.m */; };
		E50D9B571EC044380009EABE /* Main.storyboard in Resources */ = {isa = PBXBuildFile; fileRef = E50D9B561EC044380009EABE /* Main.storyboard */; };
		E5FD1BFA1EB1C03D00A94AA9 /* ViewController.m in Sources */ = {isa = PBXBuildFile; fileRef = E5FD1BF91EB1C03C00A94AA9 /* ViewController.m */; };
		E5FD1C181EB30A4900A94AA9 /* CFNetwork.framework in Frameworks */ = {isa = PBXBuildFile; fileRef = E5FD1C171EB30A4900A94AA9 /* CFNetwork.framework */; };
		E5FD1CC71EB81D0E00A94AA9 /* SocketAckEmitter.swift in Sources */ = {isa = PBXBuildFile; fileRef = E5FD1CAF1EB81D0E00A94AA9 /* SocketAckEmitter.swift */; };
		E5FD1CC81EB81D0E00A94AA9 /* SocketAckManager.swift in Sources */ = {isa = PBXBuildFile; fileRef = E5FD1CB01EB81D0E00A94AA9 /* SocketAckManager.swift */; };
		E5FD1CC91EB81D0E00A94AA9 /* SocketAnyEvent.swift in Sources */ = {isa = PBXBuildFile; fileRef = E5FD1CB11EB81D0E00A94AA9 /* SocketAnyEvent.swift */; };
		E5FD1CCA1EB81D0E00A94AA9 /* SocketClientManager.swift in Sources */ = {isa = PBXBuildFile; fileRef = E5FD1CB21EB81D0E00A94AA9 /* SocketClientManager.swift */; };
		E5FD1CCB1EB81D0E00A94AA9 /* SocketEngine.swift in Sources */ = {isa = PBXBuildFile; fileRef = E5FD1CB31EB81D0E00A94AA9 /* SocketEngine.swift */; };
		E5FD1CCC1EB81D0E00A94AA9 /* SocketEngineClient.swift in Sources */ = {isa = PBXBuildFile; fileRef = E5FD1CB41EB81D0E00A94AA9 /* SocketEngineClient.swift */; };
		E5FD1CCD1EB81D0E00A94AA9 /* SocketEnginePacketType.swift in Sources */ = {isa = PBXBuildFile; fileRef = E5FD1CB51EB81D0E00A94AA9 /* SocketEnginePacketType.swift */; };
		E5FD1CCE1EB81D0E00A94AA9 /* SocketEnginePollable.swift in Sources */ = {isa = PBXBuildFile; fileRef = E5FD1CB61EB81D0E00A94AA9 /* SocketEnginePollable.swift */; };
		E5FD1CCF1EB81D0E00A94AA9 /* SocketEngineSpec.swift in Sources */ = {isa = PBXBuildFile; fileRef = E5FD1CB71EB81D0E00A94AA9 /* SocketEngineSpec.swift */; };
		E5FD1CD01EB81D0E00A94AA9 /* SocketEngineWebsocket.swift in Sources */ = {isa = PBXBuildFile; fileRef = E5FD1CB81EB81D0E00A94AA9 /* SocketEngineWebsocket.swift */; };
		E5FD1CD11EB81D0E00A94AA9 /* SocketEventHandler.swift in Sources */ = {isa = PBXBuildFile; fileRef = E5FD1CB91EB81D0E00A94AA9 /* SocketEventHandler.swift */; };
		E5FD1CD21EB81D0E00A94AA9 /* SocketExtensions.swift in Sources */ = {isa = PBXBuildFile; fileRef = E5FD1CBA1EB81D0E00A94AA9 /* SocketExtensions.swift */; };
		E5FD1CD31EB81D0E00A94AA9 /* SocketIOClient.swift in Sources */ = {isa = PBXBuildFile; fileRef = E5FD1CBB1EB81D0E00A94AA9 /* SocketIOClient.swift */; };
		E5FD1CD41EB81D0E00A94AA9 /* SocketIOClientConfiguration.swift in Sources */ = {isa = PBXBuildFile; fileRef = E5FD1CBC1EB81D0E00A94AA9 /* SocketIOClientConfiguration.swift */; };
		E5FD1CD51EB81D0E00A94AA9 /* SocketIOClientOption.swift in Sources */ = {isa = PBXBuildFile; fileRef = E5FD1CBD1EB81D0E00A94AA9 /* SocketIOClientOption.swift */; };
		E5FD1CD61EB81D0E00A94AA9 /* SocketIOClientSpec.swift in Sources */ = {isa = PBXBuildFile; fileRef = E5FD1CBE1EB81D0E00A94AA9 /* SocketIOClientSpec.swift */; };
		E5FD1CD71EB81D0E00A94AA9 /* SocketIOClientStatus.swift in Sources */ = {isa = PBXBuildFile; fileRef = E5FD1CBF1EB81D0E00A94AA9 /* SocketIOClientStatus.swift */; };
		E5FD1CD81EB81D0E00A94AA9 /* SocketLogger.swift in Sources */ = {isa = PBXBuildFile; fileRef = E5FD1CC01EB81D0E00A94AA9 /* SocketLogger.swift */; };
		E5FD1CD91EB81D0E00A94AA9 /* SocketPacket.swift in Sources */ = {isa = PBXBuildFile; fileRef = E5FD1CC11EB81D0E00A94AA9 /* SocketPacket.swift */; };
		E5FD1CDA1EB81D0E00A94AA9 /* SocketParsable.swift in Sources */ = {isa = PBXBuildFile; fileRef = E5FD1CC21EB81D0E00A94AA9 /* SocketParsable.swift */; };
		E5FD1CDB1EB81D0E00A94AA9 /* SocketStringReader.swift in Sources */ = {isa = PBXBuildFile; fileRef = E5FD1CC31EB81D0E00A94AA9 /* SocketStringReader.swift */; };
		E5FD1CDC1EB81D0E00A94AA9 /* SocketTypes.swift in Sources */ = {isa = PBXBuildFile; fileRef = E5FD1CC41EB81D0E00A94AA9 /* SocketTypes.swift */; };
		E5FD1CDD1EB81D0E00A94AA9 /* SSLSecurity.swift in Sources */ = {isa = PBXBuildFile; fileRef = E5FD1CC51EB81D0E00A94AA9 /* SSLSecurity.swift */; };
		E5FD1CDE1EB81D0E00A94AA9 /* WebSocket.swift in Sources */ = {isa = PBXBuildFile; fileRef = E5FD1CC61EB81D0E00A94AA9 /* WebSocket.swift */; };
		E5FD1CFD1EB85F2C00A94AA9 /* NSData+ImageContentType.m in Sources */ = {isa = PBXBuildFile; fileRef = E5FD1CE11EB85F2C00A94AA9 /* NSData+ImageContentType.m */; };
		E5FD1CFE1EB85F2C00A94AA9 /* SDImageCache.m in Sources */ = {isa = PBXBuildFile; fileRef = E5FD1CE31EB85F2C00A94AA9 /* SDImageCache.m */; };
		E5FD1CFF1EB85F2C00A94AA9 /* SDWebImageCompat.m in Sources */ = {isa = PBXBuildFile; fileRef = E5FD1CE51EB85F2C00A94AA9 /* SDWebImageCompat.m */; };
		E5FD1D001EB85F2C00A94AA9 /* SDWebImageDecoder.m in Sources */ = {isa = PBXBuildFile; fileRef = E5FD1CE71EB85F2C00A94AA9 /* SDWebImageDecoder.m */; };
		E5FD1D011EB85F2C00A94AA9 /* SDWebImageDownloader.m in Sources */ = {isa = PBXBuildFile; fileRef = E5FD1CE91EB85F2C00A94AA9 /* SDWebImageDownloader.m */; };
		E5FD1D021EB85F2C00A94AA9 /* SDWebImageDownloaderOperation.m in Sources */ = {isa = PBXBuildFile; fileRef = E5FD1CEB1EB85F2C00A94AA9 /* SDWebImageDownloaderOperation.m */; };
		E5FD1D031EB85F2C00A94AA9 /* SDWebImageManager.m in Sources */ = {isa = PBXBuildFile; fileRef = E5FD1CED1EB85F2C00A94AA9 /* SDWebImageManager.m */; };
		E5FD1D041EB85F2C00A94AA9 /* SDWebImagePrefetcher.m in Sources */ = {isa = PBXBuildFile; fileRef = E5FD1CF01EB85F2C00A94AA9 /* SDWebImagePrefetcher.m */; };
		E5FD1D051EB85F2C00A94AA9 /* UIButton+WebCache.m in Sources */ = {isa = PBXBuildFile; fileRef = E5FD1CF21EB85F2C00A94AA9 /* UIButton+WebCache.m */; };
		E5FD1D061EB85F2C00A94AA9 /* UIImage+GIF.m in Sources */ = {isa = PBXBuildFile; fileRef = E5FD1CF41EB85F2C00A94AA9 /* UIImage+GIF.m */; };
		E5FD1D071EB85F2C00A94AA9 /* UIImage+MultiFormat.m in Sources */ = {isa = PBXBuildFile; fileRef = E5FD1CF61EB85F2C00A94AA9 /* UIImage+MultiFormat.m */; };
		E5FD1D081EB85F2C00A94AA9 /* UIImageView+HighlightedWebCache.m in Sources */ = {isa = PBXBuildFile; fileRef = E5FD1CF81EB85F2C00A94AA9 /* UIImageView+HighlightedWebCache.m */; };
		E5FD1D091EB85F2C00A94AA9 /* UIImageView+WebCache.m in Sources */ = {isa = PBXBuildFile; fileRef = E5FD1CFA1EB85F2C00A94AA9 /* UIImageView+WebCache.m */; };
		E5FD1D0A1EB85F2C00A94AA9 /* UIView+WebCacheOperation.m in Sources */ = {isa = PBXBuildFile; fileRef = E5FD1CFC1EB85F2C00A94AA9 /* UIView+WebCacheOperation.m */; };
		E5FD1D141EB96D4A00A94AA9 /* BHBDrawBoarderView.m in Sources */ = {isa = PBXBuildFile; fileRef = E5FD1D0D1EB96D4A00A94AA9 /* BHBDrawBoarderView.m */; };
		E5FD1D151EB96D4A00A94AA9 /* BHBMyDrawer.m in Sources */ = {isa = PBXBuildFile; fileRef = E5FD1D0F1EB96D4A00A94AA9 /* BHBMyDrawer.m */; };
		E5FD1D161EB96D4A00A94AA9 /* BHBPaintPath.m in Sources */ = {isa = PBXBuildFile; fileRef = E5FD1D111EB96D4A00A94AA9 /* BHBPaintPath.m */; };
		E5FD1D171EB96D4A00A94AA9 /* BHBScrollView.m in Sources */ = {isa = PBXBuildFile; fileRef = E5FD1D131EB96D4A00A94AA9 /* BHBScrollView.m */; };
/* End PBXBuildFile section */

/* Begin PBXContainerItemProxy section */
		425713001B74594300BCFCD7 /* PBXContainerItemProxy */ = {
			isa = PBXContainerItemProxy;
			containerPortal = 425712DE1B74594300BCFCD7 /* Project object */;
			proxyType = 1;
			remoteGlobalIDString = 425712E51B74594300BCFCD7;
			remoteInfo = drawBoard;
		};
/* End PBXContainerItemProxy section */

/* Begin PBXFileReference section */
		425712E61B74594300BCFCD7 /* drawBoard.app */ = {isa = PBXFileReference; explicitFileType = wrapper.application; includeInIndex = 0; path = drawBoard.app; sourceTree = BUILT_PRODUCTS_DIR; };
		425712EA1B74594300BCFCD7 /* Info.plist */ = {isa = PBXFileReference; lastKnownFileType = text.plist.xml; path = Info.plist; sourceTree = "<group>"; };
		425712EB1B74594300BCFCD7 /* main.m */ = {isa = PBXFileReference; lastKnownFileType = sourcecode.c.objc; path = main.m; sourceTree = "<group>"; };
		425712ED1B74594300BCFCD7 /* AppDelegate.h */ = {isa = PBXFileReference; lastKnownFileType = sourcecode.c.h; path = AppDelegate.h; sourceTree = "<group>"; };
		425712EE1B74594300BCFCD7 /* AppDelegate.m */ = {isa = PBXFileReference; lastKnownFileType = sourcecode.c.objc; path = AppDelegate.m; sourceTree = "<group>"; };
		425712F61B74594300BCFCD7 /* Images.xcassets */ = {isa = PBXFileReference; lastKnownFileType = folder.assetcatalog; path = Images.xcassets; sourceTree = "<group>"; };
		425712F91B74594300BCFCD7 /* Base */ = {isa = PBXFileReference; lastKnownFileType = file.xib; name = Base; path = Base.lproj/LaunchScreen.xib; sourceTree = "<group>"; };
		425712FF1B74594300BCFCD7 /* drawBoardTests.xctest */ = {isa = PBXFileReference; explicitFileType = wrapper.cfbundle; includeInIndex = 0; path = drawBoardTests.xctest; sourceTree = BUILT_PRODUCTS_DIR; };
		425713041B74594300BCFCD7 /* Info.plist */ = {isa = PBXFileReference; lastKnownFileType = text.plist.xml; path = Info.plist; sourceTree = "<group>"; };
		425713051B74594300BCFCD7 /* drawBoardTests.m */ = {isa = PBXFileReference; lastKnownFileType = sourcecode.c.objc; path = drawBoardTests.m; sourceTree = "<group>"; };
		4257130F1B74595F00BCFCD7 /* BoardToolView.h */ = {isa = PBXFileReference; fileEncoding = 4; lastKnownFileType = sourcecode.c.h; path = BoardToolView.h; sourceTree = "<group>"; };
		425713101B74595F00BCFCD7 /* BoardToolView.m */ = {isa = PBXFileReference; fileEncoding = 4; lastKnownFileType = sourcecode.c.objc; path = BoardToolView.m; sourceTree = "<group>"; };
		E50D9B531EC043FB0009EABE /* dataModel.h */ = {isa = PBXFileReference; fileEncoding = 4; lastKnownFileType = sourcecode.c.h; path = dataModel.h; sourceTree = "<group>"; };
		E50D9B541EC043FB0009EABE /* dataModel.m */ = {isa = PBXFileReference; fileEncoding = 4; lastKnownFileType = sourcecode.c.objc; path = dataModel.m; sourceTree = "<group>"; };
		E50D9B561EC044380009EABE /* Main.storyboard */ = {isa = PBXFileReference; fileEncoding = 4; lastKnownFileType = file.storyboard; path = Main.storyboard; sourceTree = "<group>"; };
		E5FD1BF81EB1C03C00A94AA9 /* ViewController.h */ = {isa = PBXFileReference; fileEncoding = 4; lastKnownFileType = sourcecode.c.h; path = ViewController.h; sourceTree = "<group>"; };
		E5FD1BF91EB1C03C00A94AA9 /* ViewController.m */ = {isa = PBXFileReference; fileEncoding = 4; lastKnownFileType = sourcecode.c.objc; path = ViewController.m; sourceTree = "<group>"; };
		E5FD1C171EB30A4900A94AA9 /* CFNetwork.framework */ = {isa = PBXFileReference; lastKnownFileType = wrapper.framework; name = CFNetwork.framework; path = System/Library/Frameworks/CFNetwork.framework; sourceTree = SDKROOT; };
		E5FD1CAE1EB81D0D00A94AA9 /* drawBoard-Bridging-Header.h */ = {isa = PBXFileReference; lastKnownFileType = sourcecode.c.h; path = "drawBoard-Bridging-Header.h"; sourceTree = "<group>"; };
		E5FD1CAF1EB81D0E00A94AA9 /* SocketAckEmitter.swift */ = {isa = PBXFileReference; fileEncoding = 4; lastKnownFileType = sourcecode.swift; path = SocketAckEmitter.swift; sourceTree = "<group>"; };
		E5FD1CB01EB81D0E00A94AA9 /* SocketAckManager.swift */ = {isa = PBXFileReference; fileEncoding = 4; lastKnownFileType = sourcecode.swift; path = SocketAckManager.swift; sourceTree = "<group>"; };
		E5FD1CB11EB81D0E00A94AA9 /* SocketAnyEvent.swift */ = {isa = PBXFileReference; fileEncoding = 4; lastKnownFileType = sourcecode.swift; path = SocketAnyEvent.swift; sourceTree = "<group>"; };
		E5FD1CB21EB81D0E00A94AA9 /* SocketClientManager.swift */ = {isa = PBXFileReference; fileEncoding = 4; lastKnownFileType = sourcecode.swift; path = SocketClientManager.swift; sourceTree = "<group>"; };
		E5FD1CB31EB81D0E00A94AA9 /* SocketEngine.swift */ = {isa = PBXFileReference; fileEncoding = 4; lastKnownFileType = sourcecode.swift; path = SocketEngine.swift; sourceTree = "<group>"; };
		E5FD1CB41EB81D0E00A94AA9 /* SocketEngineClient.swift */ = {isa = PBXFileReference; fileEncoding = 4; lastKnownFileType = sourcecode.swift; path = SocketEngineClient.swift; sourceTree = "<group>"; };
		E5FD1CB51EB81D0E00A94AA9 /* SocketEnginePacketType.swift */ = {isa = PBXFileReference; fileEncoding = 4; lastKnownFileType = sourcecode.swift; path = SocketEnginePacketType.swift; sourceTree = "<group>"; };
		E5FD1CB61EB81D0E00A94AA9 /* SocketEnginePollable.swift */ = {isa = PBXFileReference; fileEncoding = 4; lastKnownFileType = sourcecode.swift; path = SocketEnginePollable.swift; sourceTree = "<group>"; };
		E5FD1CB71EB81D0E00A94AA9 /* SocketEngineSpec.swift */ = {isa = PBXFileReference; fileEncoding = 4; lastKnownFileType = sourcecode.swift; path = SocketEngineSpec.swift; sourceTree = "<group>"; };
		E5FD1CB81EB81D0E00A94AA9 /* SocketEngineWebsocket.swift */ = {isa = PBXFileReference; fileEncoding = 4; lastKnownFileType = sourcecode.swift; path = SocketEngineWebsocket.swift; sourceTree = "<group>"; };
		E5FD1CB91EB81D0E00A94AA9 /* SocketEventHandler.swift */ = {isa = PBXFileReference; fileEncoding = 4; lastKnownFileType = sourcecode.swift; path = SocketEventHandler.swift; sourceTree = "<group>"; };
		E5FD1CBA1EB81D0E00A94AA9 /* SocketExtensions.swift */ = {isa = PBXFileReference; fileEncoding = 4; lastKnownFileType = sourcecode.swift; path = SocketExtensions.swift; sourceTree = "<group>"; };
		E5FD1CBB1EB81D0E00A94AA9 /* SocketIOClient.swift */ = {isa = PBXFileReference; fileEncoding = 4; lastKnownFileType = sourcecode.swift; path = SocketIOClient.swift; sourceTree = "<group>"; };
		E5FD1CBC1EB81D0E00A94AA9 /* SocketIOClientConfiguration.swift */ = {isa = PBXFileReference; fileEncoding = 4; lastKnownFileType = sourcecode.swift; path = SocketIOClientConfiguration.swift; sourceTree = "<group>"; };
		E5FD1CBD1EB81D0E00A94AA9 /* SocketIOClientOption.swift */ = {isa = PBXFileReference; fileEncoding = 4; lastKnownFileType = sourcecode.swift; path = SocketIOClientOption.swift; sourceTree = "<group>"; };
		E5FD1CBE1EB81D0E00A94AA9 /* SocketIOClientSpec.swift */ = {isa = PBXFileReference; fileEncoding = 4; lastKnownFileType = sourcecode.swift; path = SocketIOClientSpec.swift; sourceTree = "<group>"; };
		E5FD1CBF1EB81D0E00A94AA9 /* SocketIOClientStatus.swift */ = {isa = PBXFileReference; fileEncoding = 4; lastKnownFileType = sourcecode.swift; path = SocketIOClientStatus.swift; sourceTree = "<group>"; };
		E5FD1CC01EB81D0E00A94AA9 /* SocketLogger.swift */ = {isa = PBXFileReference; fileEncoding = 4; lastKnownFileType = sourcecode.swift; path = SocketLogger.swift; sourceTree = "<group>"; };
		E5FD1CC11EB81D0E00A94AA9 /* SocketPacket.swift */ = {isa = PBXFileReference; fileEncoding = 4; lastKnownFileType = sourcecode.swift; path = SocketPacket.swift; sourceTree = "<group>"; };
		E5FD1CC21EB81D0E00A94AA9 /* SocketParsable.swift */ = {isa = PBXFileReference; fileEncoding = 4; lastKnownFileType = sourcecode.swift; path = SocketParsable.swift; sourceTree = "<group>"; };
		E5FD1CC31EB81D0E00A94AA9 /* SocketStringReader.swift */ = {isa = PBXFileReference; fileEncoding = 4; lastKnownFileType = sourcecode.swift; path = SocketStringReader.swift; sourceTree = "<group>"; };
		E5FD1CC41EB81D0E00A94AA9 /* SocketTypes.swift */ = {isa = PBXFileReference; fileEncoding = 4; lastKnownFileType = sourcecode.swift; path = SocketTypes.swift; sourceTree = "<group>"; };
		E5FD1CC51EB81D0E00A94AA9 /* SSLSecurity.swift */ = {isa = PBXFileReference; fileEncoding = 4; lastKnownFileType = sourcecode.swift; path = SSLSecurity.swift; sourceTree = "<group>"; };
		E5FD1CC61EB81D0E00A94AA9 /* WebSocket.swift */ = {isa = PBXFileReference; fileEncoding = 4; lastKnownFileType = sourcecode.swift; path = WebSocket.swift; sourceTree = "<group>"; };
		E5FD1CE01EB85F2C00A94AA9 /* NSData+ImageContentType.h */ = {isa = PBXFileReference; fileEncoding = 4; lastKnownFileType = sourcecode.c.h; path = "NSData+ImageContentType.h"; sourceTree = "<group>"; };
		E5FD1CE11EB85F2C00A94AA9 /* NSData+ImageContentType.m */ = {isa = PBXFileReference; fileEncoding = 4; lastKnownFileType = sourcecode.c.objc; path = "NSData+ImageContentType.m"; sourceTree = "<group>"; };
		E5FD1CE21EB85F2C00A94AA9 /* SDImageCache.h */ = {isa = PBXFileReference; fileEncoding = 4; lastKnownFileType = sourcecode.c.h; path = SDImageCache.h; sourceTree = "<group>"; };
		E5FD1CE31EB85F2C00A94AA9 /* SDImageCache.m */ = {isa = PBXFileReference; fileEncoding = 4; lastKnownFileType = sourcecode.c.objc; path = SDImageCache.m; sourceTree = "<group>"; };
		E5FD1CE41EB85F2C00A94AA9 /* SDWebImageCompat.h */ = {isa = PBXFileReference; fileEncoding = 4; lastKnownFileType = sourcecode.c.h; path = SDWebImageCompat.h; sourceTree = "<group>"; };
		E5FD1CE51EB85F2C00A94AA9 /* SDWebImageCompat.m */ = {isa = PBXFileReference; fileEncoding = 4; lastKnownFileType = sourcecode.c.objc; path = SDWebImageCompat.m; sourceTree = "<group>"; };
		E5FD1CE61EB85F2C00A94AA9 /* SDWebImageDecoder.h */ = {isa = PBXFileReference; fileEncoding = 4; lastKnownFileType = sourcecode.c.h; path = SDWebImageDecoder.h; sourceTree = "<group>"; };
		E5FD1CE71EB85F2C00A94AA9 /* SDWebImageDecoder.m */ = {isa = PBXFileReference; fileEncoding = 4; lastKnownFileType = sourcecode.c.objc; path = SDWebImageDecoder.m; sourceTree = "<group>"; };
		E5FD1CE81EB85F2C00A94AA9 /* SDWebImageDownloader.h */ = {isa = PBXFileReference; fileEncoding = 4; lastKnownFileType = sourcecode.c.h; path = SDWebImageDownloader.h; sourceTree = "<group>"; };
		E5FD1CE91EB85F2C00A94AA9 /* SDWebImageDownloader.m */ = {isa = PBXFileReference; fileEncoding = 4; lastKnownFileType = sourcecode.c.objc; path = SDWebImageDownloader.m; sourceTree = "<group>"; };
		E5FD1CEA1EB85F2C00A94AA9 /* SDWebImageDownloaderOperation.h */ = {isa = PBXFileReference; fileEncoding = 4; lastKnownFileType = sourcecode.c.h; path = SDWebImageDownloaderOperation.h; sourceTree = "<group>"; };
		E5FD1CEB1EB85F2C00A94AA9 /* SDWebImageDownloaderOperation.m */ = {isa = PBXFileReference; fileEncoding = 4; lastKnownFileType = sourcecode.c.objc; path = SDWebImageDownloaderOperation.m; sourceTree = "<group>"; };
		E5FD1CEC1EB85F2C00A94AA9 /* SDWebImageManager.h */ = {isa = PBXFileReference; fileEncoding = 4; lastKnownFileType = sourcecode.c.h; path = SDWebImageManager.h; sourceTree = "<group>"; };
		E5FD1CED1EB85F2C00A94AA9 /* SDWebImageManager.m */ = {isa = PBXFileReference; fileEncoding = 4; lastKnownFileType = sourcecode.c.objc; path = SDWebImageManager.m; sourceTree = "<group>"; };
		E5FD1CEE1EB85F2C00A94AA9 /* SDWebImageOperation.h */ = {isa = PBXFileReference; fileEncoding = 4; lastKnownFileType = sourcecode.c.h; path = SDWebImageOperation.h; sourceTree = "<group>"; };
		E5FD1CEF1EB85F2C00A94AA9 /* SDWebImagePrefetcher.h */ = {isa = PBXFileReference; fileEncoding = 4; lastKnownFileType = sourcecode.c.h; path = SDWebImagePrefetcher.h; sourceTree = "<group>"; };
		E5FD1CF01EB85F2C00A94AA9 /* SDWebImagePrefetcher.m */ = {isa = PBXFileReference; fileEncoding = 4; lastKnownFileType = sourcecode.c.objc; path = SDWebImagePrefetcher.m; sourceTree = "<group>"; };
		E5FD1CF11EB85F2C00A94AA9 /* UIButton+WebCache.h */ = {isa = PBXFileReference; fileEncoding = 4; lastKnownFileType = sourcecode.c.h; path = "UIButton+WebCache.h"; sourceTree = "<group>"; };
		E5FD1CF21EB85F2C00A94AA9 /* UIButton+WebCache.m */ = {isa = PBXFileReference; fileEncoding = 4; lastKnownFileType = sourcecode.c.objc; path = "UIButton+WebCache.m"; sourceTree = "<group>"; };
		E5FD1CF31EB85F2C00A94AA9 /* UIImage+GIF.h */ = {isa = PBXFileReference; fileEncoding = 4; lastKnownFileType = sourcecode.c.h; path = "UIImage+GIF.h"; sourceTree = "<group>"; };
		E5FD1CF41EB85F2C00A94AA9 /* UIImage+GIF.m */ = {isa = PBXFileReference; fileEncoding = 4; lastKnownFileType = sourcecode.c.objc; path = "UIImage+GIF.m"; sourceTree = "<group>"; };
		E5FD1CF51EB85F2C00A94AA9 /* UIImage+MultiFormat.h */ = {isa = PBXFileReference; fileEncoding = 4; lastKnownFileType = sourcecode.c.h; path = "UIImage+MultiFormat.h"; sourceTree = "<group>"; };
		E5FD1CF61EB85F2C00A94AA9 /* UIImage+MultiFormat.m */ = {isa = PBXFileReference; fileEncoding = 4; lastKnownFileType = sourcecode.c.objc; path = "UIImage+MultiFormat.m"; sourceTree = "<group>"; };
		E5FD1CF71EB85F2C00A94AA9 /* UIImageView+HighlightedWebCache.h */ = {isa = PBXFileReference; fileEncoding = 4; lastKnownFileType = sourcecode.c.h; path = "UIImageView+HighlightedWebCache.h"; sourceTree = "<group>"; };
		E5FD1CF81EB85F2C00A94AA9 /* UIImageView+HighlightedWebCache.m */ = {isa = PBXFileReference; fileEncoding = 4; lastKnownFileType = sourcecode.c.objc; path = "UIImageView+HighlightedWebCache.m"; sourceTree = "<group>"; };
		E5FD1CF91EB85F2C00A94AA9 /* UIImageView+WebCache.h */ = {isa = PBXFileReference; fileEncoding = 4; lastKnownFileType = sourcecode.c.h; path = "UIImageView+WebCache.h"; sourceTree = "<group>"; };
		E5FD1CFA1EB85F2C00A94AA9 /* UIImageView+WebCache.m */ = {isa = PBXFileReference; fileEncoding = 4; lastKnownFileType = sourcecode.c.objc; path = "UIImageView+WebCache.m"; sourceTree = "<group>"; };
		E5FD1CFB1EB85F2C00A94AA9 /* UIView+WebCacheOperation.h */ = {isa = PBXFileReference; fileEncoding = 4; lastKnownFileType = sourcecode.c.h; path = "UIView+WebCacheOperation.h"; sourceTree = "<group>"; };
		E5FD1CFC1EB85F2C00A94AA9 /* UIView+WebCacheOperation.m */ = {isa = PBXFileReference; fileEncoding = 4; lastKnownFileType = sourcecode.c.objc; path = "UIView+WebCacheOperation.m"; sourceTree = "<group>"; };
		E5FD1D0C1EB96D4A00A94AA9 /* BHBDrawBoarderView.h */ = {isa = PBXFileReference; fileEncoding = 4; lastKnownFileType = sourcecode.c.h; path = BHBDrawBoarderView.h; sourceTree = "<group>"; };
		E5FD1D0D1EB96D4A00A94AA9 /* BHBDrawBoarderView.m */ = {isa = PBXFileReference; fileEncoding = 4; lastKnownFileType = sourcecode.c.objc; path = BHBDrawBoarderView.m; sourceTree = "<group>"; };
		E5FD1D0E1EB96D4A00A94AA9 /* BHBMyDrawer.h */ = {isa = PBXFileReference; fileEncoding = 4; lastKnownFileType = sourcecode.c.h; path = BHBMyDrawer.h; sourceTree = "<group>"; };
		E5FD1D0F1EB96D4A00A94AA9 /* BHBMyDrawer.m */ = {isa = PBXFileReference; fileEncoding = 4; lastKnownFileType = sourcecode.c.objc; path = BHBMyDrawer.m; sourceTree = "<group>"; };
		E5FD1D101EB96D4A00A94AA9 /* BHBPaintPath.h */ = {isa = PBXFileReference; fileEncoding = 4; lastKnownFileType = sourcecode.c.h; path = BHBPaintPath.h; sourceTree = "<group>"; };
		E5FD1D111EB96D4A00A94AA9 /* BHBPaintPath.m */ = {isa = PBXFileReference; fileEncoding = 4; lastKnownFileType = sourcecode.c.objc; path = BHBPaintPath.m; sourceTree = "<group>"; };
		E5FD1D121EB96D4A00A94AA9 /* BHBScrollView.h */ = {isa = PBXFileReference; fileEncoding = 4; lastKnownFileType = sourcecode.c.h; path = BHBScrollView.h; sourceTree = "<group>"; };
		E5FD1D131EB96D4A00A94AA9 /* BHBScrollView.m */ = {isa = PBXFileReference; fileEncoding = 4; lastKnownFileType = sourcecode.c.objc; path = BHBScrollView.m; sourceTree = "<group>"; };
/* End PBXFileReference section */

/* Begin PBXFrameworksBuildPhase section */
		425712E31B74594300BCFCD7 /* Frameworks */ = {
			isa = PBXFrameworksBuildPhase;
			buildActionMask = 2147483647;
			files = (
				E5FD1C181EB30A4900A94AA9 /* CFNetwork.framework in Frameworks */,
			);
			runOnlyForDeploymentPostprocessing = 0;
		};
		425712FC1B74594300BCFCD7 /* Frameworks */ = {
			isa = PBXFrameworksBuildPhase;
			buildActionMask = 2147483647;
			files = (
			);
			runOnlyForDeploymentPostprocessing = 0;
		};
/* End PBXFrameworksBuildPhase section */

/* Begin PBXGroup section */
		425712DD1B74594300BCFCD7 = {
			isa = PBXGroup;
			children = (
				425712E81B74594300BCFCD7 /* drawBoard */,
				425713021B74594300BCFCD7 /* drawBoardTests */,
				425712E71B74594300BCFCD7 /* Products */,
				E5FD1C161EB30A4900A94AA9 /* Frameworks */,
			);
			sourceTree = "<group>";
		};
		425712E71B74594300BCFCD7 /* Products */ = {
			isa = PBXGroup;
			children = (
				425712E61B74594300BCFCD7 /* drawBoard.app */,
				425712FF1B74594300BCFCD7 /* drawBoardTests.xctest */,
			);
			name = Products;
			sourceTree = "<group>";
		};
		425712E81B74594300BCFCD7 /* drawBoard */ = {
			isa = PBXGroup;
			children = (
				E5FD1D0B1EB96D2A00A94AA9 /* BHBDrawBoarder */,
				E5FD1CDF1EB85EE600A94AA9 /* SDWEBImage */,
				E5FD1C7D1EB81CBE00A94AA9 /* socketio */,
				425712ED1B74594300BCFCD7 /* AppDelegate.h */,
				425712EE1B74594300BCFCD7 /* AppDelegate.m */,
				E5FD1BF81EB1C03C00A94AA9 /* ViewController.h */,
				E5FD1BF91EB1C03C00A94AA9 /* ViewController.m */,
				E50D9B561EC044380009EABE /* Main.storyboard */,
				E50D9B531EC043FB0009EABE /* dataModel.h */,
				E50D9B541EC043FB0009EABE /* dataModel.m */,
				4257130F1B74595F00BCFCD7 /* BoardToolView.h */,
				425713101B74595F00BCFCD7 /* BoardToolView.m */,
				425712F61B74594300BCFCD7 /* Images.xcassets */,
				425712F81B74594300BCFCD7 /* LaunchScreen.xib */,
				425712E91B74594300BCFCD7 /* Supporting Files */,
			);
			path = drawBoard;
			sourceTree = "<group>";
		};
		425712E91B74594300BCFCD7 /* Supporting Files */ = {
			isa = PBXGroup;
			children = (
				425712EA1B74594300BCFCD7 /* Info.plist */,
				425712EB1B74594300BCFCD7 /* main.m */,
			);
			name = "Supporting Files";
			sourceTree = "<group>";
		};
		425713021B74594300BCFCD7 /* drawBoardTests */ = {
			isa = PBXGroup;
			children = (
				425713051B74594300BCFCD7 /* drawBoardTests.m */,
				425713031B74594300BCFCD7 /* Supporting Files */,
			);
			path = drawBoardTests;
			sourceTree = "<group>";
		};
		425713031B74594300BCFCD7 /* Supporting Files */ = {
			isa = PBXGroup;
			children = (
				425713041B74594300BCFCD7 /* Info.plist */,
			);
			name = "Supporting Files";
			sourceTree = "<group>";
		};
		E5FD1C161EB30A4900A94AA9 /* Frameworks */ = {
			isa = PBXGroup;
			children = (
				E5FD1C171EB30A4900A94AA9 /* CFNetwork.framework */,
			);
			name = Frameworks;
			sourceTree = "<group>";
		};
		E5FD1C7D1EB81CBE00A94AA9 /* socketio */ = {
			isa = PBXGroup;
			children = (
				E5FD1CAF1EB81D0E00A94AA9 /* SocketAckEmitter.swift */,
				E5FD1CB01EB81D0E00A94AA9 /* SocketAckManager.swift */,
				E5FD1CB11EB81D0E00A94AA9 /* SocketAnyEvent.swift */,
				E5FD1CB21EB81D0E00A94AA9 /* SocketClientManager.swift */,
				E5FD1CB31EB81D0E00A94AA9 /* SocketEngine.swift */,
				E5FD1CB41EB81D0E00A94AA9 /* SocketEngineClient.swift */,
				E5FD1CB51EB81D0E00A94AA9 /* SocketEnginePacketType.swift */,
				E5FD1CB61EB81D0E00A94AA9 /* SocketEnginePollable.swift */,
				E5FD1CB71EB81D0E00A94AA9 /* SocketEngineSpec.swift */,
				E5FD1CB81EB81D0E00A94AA9 /* SocketEngineWebsocket.swift */,
				E5FD1CB91EB81D0E00A94AA9 /* SocketEventHandler.swift */,
				E5FD1CBA1EB81D0E00A94AA9 /* SocketExtensions.swift */,
				E5FD1CBB1EB81D0E00A94AA9 /* SocketIOClient.swift */,
				E5FD1CBC1EB81D0E00A94AA9 /* SocketIOClientConfiguration.swift */,
				E5FD1CBD1EB81D0E00A94AA9 /* SocketIOClientOption.swift */,
				E5FD1CBE1EB81D0E00A94AA9 /* SocketIOClientSpec.swift */,
				E5FD1CBF1EB81D0E00A94AA9 /* SocketIOClientStatus.swift */,
				E5FD1CC01EB81D0E00A94AA9 /* SocketLogger.swift */,
				E5FD1CC11EB81D0E00A94AA9 /* SocketPacket.swift */,
				E5FD1CC21EB81D0E00A94AA9 /* SocketParsable.swift */,
				E5FD1CC31EB81D0E00A94AA9 /* SocketStringReader.swift */,
				E5FD1CC41EB81D0E00A94AA9 /* SocketTypes.swift */,
				E5FD1CC51EB81D0E00A94AA9 /* SSLSecurity.swift */,
				E5FD1CC61EB81D0E00A94AA9 /* WebSocket.swift */,
				E5FD1CAE1EB81D0D00A94AA9 /* drawBoard-Bridging-Header.h */,
			);
			name = socketio;
			sourceTree = "<group>";
		};
		E5FD1CDF1EB85EE600A94AA9 /* SDWEBImage */ = {
			isa = PBXGroup;
			children = (
				E5FD1CE01EB85F2C00A94AA9 /* NSData+ImageContentType.h */,
				E5FD1CE11EB85F2C00A94AA9 /* NSData+ImageContentType.m */,
				E5FD1CE21EB85F2C00A94AA9 /* SDImageCache.h */,
				E5FD1CE31EB85F2C00A94AA9 /* SDImageCache.m */,
				E5FD1CE41EB85F2C00A94AA9 /* SDWebImageCompat.h */,
				E5FD1CE51EB85F2C00A94AA9 /* SDWebImageCompat.m */,
				E5FD1CE61EB85F2C00A94AA9 /* SDWebImageDecoder.h */,
				E5FD1CE71EB85F2C00A94AA9 /* SDWebImageDecoder.m */,
				E5FD1CE81EB85F2C00A94AA9 /* SDWebImageDownloader.h */,
				E5FD1CE91EB85F2C00A94AA9 /* SDWebImageDownloader.m */,
				E5FD1CEA1EB85F2C00A94AA9 /* SDWebImageDownloaderOperation.h */,
				E5FD1CEB1EB85F2C00A94AA9 /* SDWebImageDownloaderOperation.m */,
				E5FD1CEC1EB85F2C00A94AA9 /* SDWebImageManager.h */,
				E5FD1CED1EB85F2C00A94AA9 /* SDWebImageManager.m */,
				E5FD1CEE1EB85F2C00A94AA9 /* SDWebImageOperation.h */,
				E5FD1CEF1EB85F2C00A94AA9 /* SDWebImagePrefetcher.h */,
				E5FD1CF01EB85F2C00A94AA9 /* SDWebImagePrefetcher.m */,
				E5FD1CF11EB85F2C00A94AA9 /* UIButton+WebCache.h */,
				E5FD1CF21EB85F2C00A94AA9 /* UIButton+WebCache.m */,
				E5FD1CF31EB85F2C00A94AA9 /* UIImage+GIF.h */,
				E5FD1CF41EB85F2C00A94AA9 /* UIImage+GIF.m */,
				E5FD1CF51EB85F2C00A94AA9 /* UIImage+MultiFormat.h */,
				E5FD1CF61EB85F2C00A94AA9 /* UIImage+MultiFormat.m */,
				E5FD1CF71EB85F2C00A94AA9 /* UIImageView+HighlightedWebCache.h */,
				E5FD1CF81EB85F2C00A94AA9 /* UIImageView+HighlightedWebCache.m */,
				E5FD1CF91EB85F2C00A94AA9 /* UIImageView+WebCache.h */,
				E5FD1CFA1EB85F2C00A94AA9 /* UIImageView+WebCache.m */,
				E5FD1CFB1EB85F2C00A94AA9 /* UIView+WebCacheOperation.h */,
				E5FD1CFC1EB85F2C00A94AA9 /* UIView+WebCacheOperation.m */,
			);
			name = SDWEBImage;
			sourceTree = "<group>";
		};
		E5FD1D0B1EB96D2A00A94AA9 /* BHBDrawBoarder */ = {
			isa = PBXGroup;
			children = (
				E5FD1D0C1EB96D4A00A94AA9 /* BHBDrawBoarderView.h */,
				E5FD1D0D1EB96D4A00A94AA9 /* BHBDrawBoarderView.m */,
				E5FD1D0E1EB96D4A00A94AA9 /* BHBMyDrawer.h */,
				E5FD1D0F1EB96D4A00A94AA9 /* BHBMyDrawer.m */,
				E5FD1D101EB96D4A00A94AA9 /* BHBPaintPath.h */,
				E5FD1D111EB96D4A00A94AA9 /* BHBPaintPath.m */,
				E5FD1D121EB96D4A00A94AA9 /* BHBScrollView.h */,
				E5FD1D131EB96D4A00A94AA9 /* BHBScrollView.m */,
			);
			name = BHBDrawBoarder;
			sourceTree = "<group>";
		};
/* End PBXGroup section */

/* Begin PBXNativeTarget section */
		425712E51B74594300BCFCD7 /* drawBoard */ = {
			isa = PBXNativeTarget;
			buildConfigurationList = 425713091B74594300BCFCD7 /* Build configuration list for PBXNativeTarget "drawBoard" */;
			buildPhases = (
				425712E21B74594300BCFCD7 /* Sources */,
				425712E31B74594300BCFCD7 /* Frameworks */,
				425712E41B74594300BCFCD7 /* Resources */,
			);
			buildRules = (
			);
			dependencies = (
			);
			name = drawBoard;
			productName = drawBoard;
			productReference = 425712E61B74594300BCFCD7 /* drawBoard.app */;
			productType = "com.apple.product-type.application";
		};
		425712FE1B74594300BCFCD7 /* drawBoardTests */ = {
			isa = PBXNativeTarget;
			buildConfigurationList = 4257130C1B74594300BCFCD7 /* Build configuration list for PBXNativeTarget "drawBoardTests" */;
			buildPhases = (
				425712FB1B74594300BCFCD7 /* Sources */,
				425712FC1B74594300BCFCD7 /* Frameworks */,
				425712FD1B74594300BCFCD7 /* Resources */,
			);
			buildRules = (
			);
			dependencies = (
				425713011B74594300BCFCD7 /* PBXTargetDependency */,
			);
			name = drawBoardTests;
			productName = drawBoardTests;
			productReference = 425712FF1B74594300BCFCD7 /* drawBoardTests.xctest */;
			productType = "com.apple.product-type.bundle.unit-test";
		};
/* End PBXNativeTarget section */

/* Begin PBXProject section */
		425712DE1B74594300BCFCD7 /* Project object */ = {
			isa = PBXProject;
			attributes = {
				LastUpgradeCheck = 0630;
				ORGANIZATIONNAME = hyrMac;
				TargetAttributes = {
					425712E51B74594300BCFCD7 = {
						CreatedOnToolsVersion = 6.3;
						DevelopmentTeam = R8NT8X7E39;
						LastSwiftMigration = 0830;
						ProvisioningStyle = Automatic;
					};
					425712FE1B74594300BCFCD7 = {
						CreatedOnToolsVersion = 6.3;
						TestTargetID = 425712E51B74594300BCFCD7;
					};
				};
			};
			buildConfigurationList = 425712E11B74594300BCFCD7 /* Build configuration list for PBXProject "drawBoard" */;
			compatibilityVersion = "Xcode 3.2";
			developmentRegion = English;
			hasScannedForEncodings = 0;
			knownRegions = (
				en,
				Base,
			);
			mainGroup = 425712DD1B74594300BCFCD7;
			productRefGroup = 425712E71B74594300BCFCD7 /* Products */;
			projectDirPath = "";
			projectRoot = "";
			targets = (
				425712E51B74594300BCFCD7 /* drawBoard */,
				425712FE1B74594300BCFCD7 /* drawBoardTests */,
			);
		};
/* End PBXProject section */

/* Begin PBXResourcesBuildPhase section */
		425712E41B74594300BCFCD7 /* Resources */ = {
			isa = PBXResourcesBuildPhase;
			buildActionMask = 2147483647;
			files = (
				425712FA1B74594300BCFCD7 /* LaunchScreen.xib in Resources */,
				425712F71B74594300BCFCD7 /* Images.xcassets in Resources */,
				E50D9B571EC044380009EABE /* Main.storyboard in Resources */,
			);
			runOnlyForDeploymentPostprocessing = 0;
		};
		425712FD1B74594300BCFCD7 /* Resources */ = {
			isa = PBXResourcesBuildPhase;
			buildActionMask = 2147483647;
			files = (
			);
			runOnlyForDeploymentPostprocessing = 0;
		};
/* End PBXResourcesBuildPhase section */

/* Begin PBXSourcesBuildPhase section */
		425712E21B74594300BCFCD7 /* Sources */ = {
			isa = PBXSourcesBuildPhase;
			buildActionMask = 2147483647;
			files = (
				E5FD1D171EB96D4A00A94AA9 /* BHBScrollView.m in Sources */,
				E5FD1CD31EB81D0E00A94AA9 /* SocketIOClient.swift in Sources */,
				E5FD1CC91EB81D0E00A94AA9 /* SocketAnyEvent.swift in Sources */,
				E5FD1CCB1EB81D0E00A94AA9 /* SocketEngine.swift in Sources */,
				425712EF1B74594300BCFCD7 /* AppDelegate.m in Sources */,
				E5FD1CC81EB81D0E00A94AA9 /* SocketAckManager.swift in Sources */,
				425713111B74595F00BCFCD7 /* BoardToolView.m in Sources */,
				425712EC1B74594300BCFCD7 /* main.m in Sources */,
				E5FD1CDC1EB81D0E00A94AA9 /* SocketTypes.swift in Sources */,
				E5FD1CDD1EB81D0E00A94AA9 /* SSLSecurity.swift in Sources */,
				E5FD1D031EB85F2C00A94AA9 /* SDWebImageManager.m in Sources */,
				E5FD1CD61EB81D0E00A94AA9 /* SocketIOClientSpec.swift in Sources */,
				E5FD1CDE1EB81D0E00A94AA9 /* WebSocket.swift in Sources */,
				E5FD1CDB1EB81D0E00A94AA9 /* SocketStringReader.swift in Sources */,
				E5FD1CC71EB81D0E00A94AA9 /* SocketAckEmitter.swift in Sources */,
				E5FD1CFD1EB85F2C00A94AA9 /* NSData+ImageContentType.m in Sources */,
				E5FD1D081EB85F2C00A94AA9 /* UIImageView+HighlightedWebCache.m in Sources */,
				E5FD1CCD1EB81D0E00A94AA9 /* SocketEnginePacketType.swift in Sources */,
				E5FD1CD11EB81D0E00A94AA9 /* SocketEventHandler.swift in Sources */,
				E5FD1CD01EB81D0E00A94AA9 /* SocketEngineWebsocket.swift in Sources */,
				E5FD1CD91EB81D0E00A94AA9 /* SocketPacket.swift in Sources */,
				E5FD1D021EB85F2C00A94AA9 /* SDWebImageDownloaderOperation.m in Sources */,
				E5FD1CD21EB81D0E00A94AA9 /* SocketExtensions.swift in Sources */,
				E50D9B551EC043FB0009EABE /* dataModel.m in Sources */,
				E5FD1CD41EB81D0E00A94AA9 /* SocketIOClientConfiguration.swift in Sources */,
				E5FD1D151EB96D4A00A94AA9 /* BHBMyDrawer.m in Sources */,
				E5FD1D011EB85F2C00A94AA9 /* SDWebImageDownloader.m in Sources */,
				E5FD1CCA1EB81D0E00A94AA9 /* SocketClientManager.swift in Sources */,
				E5FD1CCC1EB81D0E00A94AA9 /* SocketEngineClient.swift in Sources */,
				E5FD1D071EB85F2C00A94AA9 /* UIImage+MultiFormat.m in Sources */,
				E5FD1D001EB85F2C00A94AA9 /* SDWebImageDecoder.m in Sources */,
				E5FD1CD81EB81D0E00A94AA9 /* SocketLogger.swift in Sources */,
				E5FD1D141EB96D4A00A94AA9 /* BHBDrawBoarderView.m in Sources */,
				E5FD1D091EB85F2C00A94AA9 /* UIImageView+WebCache.m in Sources */,
				E5FD1D051EB85F2C00A94AA9 /* UIButton+WebCache.m in Sources */,
				E5FD1D0A1EB85F2C00A94AA9 /* UIView+WebCacheOperation.m in Sources */,
				E5FD1CD71EB81D0E00A94AA9 /* SocketIOClientStatus.swift in Sources */,
				E5FD1D041EB85F2C00A94AA9 /* SDWebImagePrefetcher.m in Sources */,
				E5FD1BFA1EB1C03D00A94AA9 /* ViewController.m in Sources */,
				E5FD1D161EB96D4A00A94AA9 /* BHBPaintPath.m in Sources */,
				E5FD1CD51EB81D0E00A94AA9 /* SocketIOClientOption.swift in Sources */,
				E5FD1D061EB85F2C00A94AA9 /* UIImage+GIF.m in Sources */,
				E5FD1CCE1EB81D0E00A94AA9 /* SocketEnginePollable.swift in Sources */,
				E5FD1CDA1EB81D0E00A94AA9 /* SocketParsable.swift in Sources */,
				E5FD1CCF1EB81D0E00A94AA9 /* SocketEngineSpec.swift in Sources */,
				E5FD1CFF1EB85F2C00A94AA9 /* SDWebImageCompat.m in Sources */,
				E5FD1CFE1EB85F2C00A94AA9 /* SDImageCache.m in Sources */,
			);
			runOnlyForDeploymentPostprocessing = 0;
		};
		425712FB1B74594300BCFCD7 /* Sources */ = {
			isa = PBXSourcesBuildPhase;
			buildActionMask = 2147483647;
			files = (
				425713061B74594300BCFCD7 /* drawBoardTests.m in Sources */,
			);
			runOnlyForDeploymentPostprocessing = 0;
		};
/* End PBXSourcesBuildPhase section */

/* Begin PBXTargetDependency section */
		425713011B74594300BCFCD7 /* PBXTargetDependency */ = {
			isa = PBXTargetDependency;
			target = 425712E51B74594300BCFCD7 /* drawBoard */;
			targetProxy = 425713001B74594300BCFCD7 /* PBXContainerItemProxy */;
		};
/* End PBXTargetDependency section */

/* Begin PBXVariantGroup section */
		425712F81B74594300BCFCD7 /* LaunchScreen.xib */ = {
			isa = PBXVariantGroup;
			children = (
				425712F91B74594300BCFCD7 /* Base */,
			);
			name = LaunchScreen.xib;
			sourceTree = "<group>";
		};
/* End PBXVariantGroup section */

/* Begin XCBuildConfiguration section */
		425713071B74594300BCFCD7 /* Debug */ = {
			isa = XCBuildConfiguration;
			buildSettings = {
				ALWAYS_SEARCH_USER_PATHS = NO;
				CLANG_CXX_LANGUAGE_STANDARD = "gnu++0x";
				CLANG_CXX_LIBRARY = "libc++";
				CLANG_ENABLE_MODULES = YES;
				CLANG_ENABLE_OBJC_ARC = YES;
				CLANG_WARN_BOOL_CONVERSION = YES;
				CLANG_WARN_CONSTANT_CONVERSION = YES;
				CLANG_WARN_DIRECT_OBJC_ISA_USAGE = YES_ERROR;
				CLANG_WARN_EMPTY_BODY = YES;
				CLANG_WARN_ENUM_CONVERSION = YES;
				CLANG_WARN_INT_CONVERSION = YES;
				CLANG_WARN_OBJC_ROOT_CLASS = YES_ERROR;
				CLANG_WARN_UNREACHABLE_CODE = YES;
				CLANG_WARN__DUPLICATE_METHOD_MATCH = YES;
				"CODE_SIGN_IDENTITY[sdk=iphoneos*]" = "iPhone Developer";
				COPY_PHASE_STRIP = NO;
				DEBUG_INFORMATION_FORMAT = "dwarf-with-dsym";
				DEFINES_MODULE = YES;
				ENABLE_STRICT_OBJC_MSGSEND = YES;
				GCC_C_LANGUAGE_STANDARD = gnu99;
				GCC_DYNAMIC_NO_PIC = NO;
				GCC_NO_COMMON_BLOCKS = YES;
				GCC_OPTIMIZATION_LEVEL = 0;
				GCC_PREPROCESSOR_DEFINITIONS = (
					"DEBUG=1",
					"$(inherited)",
				);
				GCC_SYMBOLS_PRIVATE_EXTERN = NO;
				GCC_WARN_64_TO_32_BIT_CONVERSION = YES;
				GCC_WARN_ABOUT_RETURN_TYPE = YES_ERROR;
				GCC_WARN_UNDECLARED_SELECTOR = YES;
				GCC_WARN_UNINITIALIZED_AUTOS = YES_AGGRESSIVE;
				GCC_WARN_UNUSED_FUNCTION = YES;
				GCC_WARN_UNUSED_VARIABLE = YES;
				IPHONEOS_DEPLOYMENT_TARGET = 8.3;
				MTL_ENABLE_DEBUG_INFO = YES;
				ONLY_ACTIVE_ARCH = YES;
				SDKROOT = iphoneos;
				SWIFT_OBJC_BRIDGING_HEADER = "drawBoard/drawBoard-Bridging-Header.h";
			};
			name = Debug;
		};
		425713081B74594300BCFCD7 /* Release */ = {
			isa = XCBuildConfiguration;
			buildSettings = {
				ALWAYS_SEARCH_USER_PATHS = NO;
				CLANG_CXX_LANGUAGE_STANDARD = "gnu++0x";
				CLANG_CXX_LIBRARY = "libc++";
				CLANG_ENABLE_MODULES = YES;
				CLANG_ENABLE_OBJC_ARC = YES;
				CLANG_WARN_BOOL_CONVERSION = YES;
				CLANG_WARN_CONSTANT_CONVERSION = YES;
				CLANG_WARN_DIRECT_OBJC_ISA_USAGE = YES_ERROR;
				CLANG_WARN_EMPTY_BODY = YES;
				CLANG_WARN_ENUM_CONVERSION = YES;
				CLANG_WARN_INT_CONVERSION = YES;
				CLANG_WARN_OBJC_ROOT_CLASS = YES_ERROR;
				CLANG_WARN_UNREACHABLE_CODE = YES;
				CLANG_WARN__DUPLICATE_METHOD_MATCH = YES;
				"CODE_SIGN_IDENTITY[sdk=iphoneos*]" = "iPhone Developer";
				COPY_PHASE_STRIP = NO;
				DEBUG_INFORMATION_FORMAT = "dwarf-with-dsym";
				DEFINES_MODULE = YES;
				ENABLE_NS_ASSERTIONS = NO;
				ENABLE_STRICT_OBJC_MSGSEND = YES;
				GCC_C_LANGUAGE_STANDARD = gnu99;
				GCC_NO_COMMON_BLOCKS = YES;
				GCC_WARN_64_TO_32_BIT_CONVERSION = YES;
				GCC_WARN_ABOUT_RETURN_TYPE = YES_ERROR;
				GCC_WARN_UNDECLARED_SELECTOR = YES;
				GCC_WARN_UNINITIALIZED_AUTOS = YES_AGGRESSIVE;
				GCC_WARN_UNUSED_FUNCTION = YES;
				GCC_WARN_UNUSED_VARIABLE = YES;
				IPHONEOS_DEPLOYMENT_TARGET = 8.3;
				MTL_ENABLE_DEBUG_INFO = NO;
				SDKROOT = iphoneos;
				SWIFT_OBJC_BRIDGING_HEADER = "drawBoard/drawBoard-Bridging-Header.h";
				VALIDATE_PRODUCT = YES;
			};
			name = Release;
		};
		4257130A1B74594300BCFCD7 /* Debug */ = {
			isa = XCBuildConfiguration;
			buildSettings = {
				ASSETCATALOG_COMPILER_APPICON_NAME = AppIcon;
				CLANG_ENABLE_MODULES = YES;
				"CODE_SIGN_IDENTITY[sdk=iphoneos*]" = "iPhone Developer";
				DEFINES_MODULE = YES;
				DEVELOPMENT_TEAM = R8NT8X7E39;
				INFOPLIST_FILE = drawBoard/Info.plist;
				LD_RUNPATH_SEARCH_PATHS = "$(inherited) @executable_path/Frameworks";
				PRODUCT_NAME = "$(TARGET_NAME)";
				PROVISIONING_PROFILE_SPECIFIER = "";
				SWIFT_OBJC_BRIDGING_HEADER = "drawBoard/drawBoard-Bridging-Header.h";
				SWIFT_OPTIMIZATION_LEVEL = "-Onone";
				SWIFT_VERSION = 3.0;
			};
			name = Debug;
		};
		4257130B1B74594300BCFCD7 /* Release */ = {
			isa = XCBuildConfiguration;
			buildSettings = {
				ASSETCATALOG_COMPILER_APPICON_NAME = AppIcon;
				CLANG_ENABLE_MODULES = YES;
				"CODE_SIGN_IDENTITY[sdk=iphoneos*]" = "iPhone Developer";
				DEFINES_MODULE = YES;
				DEVELOPMENT_TEAM = R8NT8X7E39;
				INFOPLIST_FILE = drawBoard/Info.plist;
				LD_RUNPATH_SEARCH_PATHS = "$(inherited) @executable_path/Frameworks";
				PRODUCT_NAME = "$(TARGET_NAME)";
				PROVISIONING_PROFILE_SPECIFIER = "";
				SWIFT_OBJC_BRIDGING_HEADER = "drawBoard/drawBoard-Bridging-Header.h";
				SWIFT_VERSION = 3.0;
			};
			name = Release;
		};
		4257130D1B74594300BCFCD7 /* Debug */ = {
			isa = XCBuildConfiguration;
			buildSettings = {
				ALWAYS_EMBED_SWIFT_STANDARD_LIBRARIES = YES;
				BUNDLE_LOADER = "$(TEST_HOST)";
				FRAMEWORK_SEARCH_PATHS = (
					"$(SDKROOT)/Developer/Library/Frameworks",
					"$(inherited)",
				);
				GCC_PREPROCESSOR_DEFINITIONS = (
					"DEBUG=1",
					"$(inherited)",
				);
				INFOPLIST_FILE = drawBoardTests/Info.plist;
				LD_RUNPATH_SEARCH_PATHS = "$(inherited) @executable_path/Frameworks @loader_path/Frameworks";
				PRODUCT_NAME = "$(TARGET_NAME)";
				TEST_HOST = "$(BUILT_PRODUCTS_DIR)/drawBoard.app/drawBoard";
			};
			name = Debug;
		};
		4257130E1B74594300BCFCD7 /* Release */ = {
			isa = XCBuildConfiguration;
			buildSettings = {
				ALWAYS_EMBED_SWIFT_STANDARD_LIBRARIES = YES;
				BUNDLE_LOADER = "$(TEST_HOST)";
				FRAMEWORK_SEARCH_PATHS = (
					"$(SDKROOT)/Developer/Library/Frameworks",
					"$(inherited)",
				);
				INFOPLIST_FILE = drawBoardTests/Info.plist;
				LD_RUNPATH_SEARCH_PATHS = "$(inherited) @executable_path/Frameworks @loader_path/Frameworks";
				PRODUCT_NAME = "$(TARGET_NAME)";
				TEST_HOST = "$(BUILT_PRODUCTS_DIR)/drawBoard.app/drawBoard";
			};
			name = Release;
		};
/* End XCBuildConfiguration section */

/* Begin XCConfigurationList section */
		425712E11B74594300BCFCD7 /* Build configuration list for PBXProject "drawBoard" */ = {
			isa = XCConfigurationList;
			buildConfigurations = (
				425713071B74594300BCFCD7 /* Debug */,
				425713081B74594300BCFCD7 /* Release */,
			);
			defaultConfigurationIsVisible = 0;
			defaultConfigurationName = Release;
		};
		425713091B74594300BCFCD7 /* Build configuration list for PBXNativeTarget "drawBoard" */ = {
			isa = XCConfigurationList;
			buildConfigurations = (
				4257130A1B74594300BCFCD7 /* Debug */,
				4257130B1B74594300BCFCD7 /* Release */,
			);
			defaultConfigurationIsVisible = 0;
			defaultConfigurationName = Release;
		};
		4257130C1B74594300BCFCD7 /* Build configuration list for PBXNativeTarget "drawBoardTests" */ = {
			isa = XCConfigurationList;
			buildConfigurations = (
				4257130D1B74594300BCFCD7 /* Debug */,
				4257130E1B74594300BCFCD7 /* Release */,
			);
			defaultConfigurationIsVisible = 0;
			defaultConfigurationName = Release;
		};
/* End XCConfigurationList section */
	};
	rootObject = 425712DE1B74594300BCFCD7 /* Project object */;
}
